{
  "lockfileVersion": 1,
  "sources": {
    "andrej-kolic/playbook": {
      "requestedRef": "main",
      "resolvedRef": "8ef074f27b9f6bc032f0c5c6ccba6a53aaf63af1",
      "resolvedAt": "2026-10-01T13:36:14.515Z",
      "skills": {},
      "rules": {
        "concision": {
          "integrity": "sha256-c27880df58a1ba6ecab574a0a0b23383bee9d2d8d02932d5c451b97f9e822eb4"
        },
        "conversation-style": {
          "integrity": "sha256-4a200ed6620bd75c9891a98b997c80c5ff0adf03dedc0a68f31e5f9351727b9f"
        },
        "documentation": {
          "integrity": "sha256-a86b03dfe9f196f65c56f697c195890be310ba6b80d10fa6db26a468d9c0188a"
        },
        "git": {
          "integrity": "sha256-563966b5c7bcbe7ae37be74b7f548963dd7c7d062f175813059fccd24ae66470"
        },
        "jsdoc": {
          "integrity": "sha256-ea742976a8dee2b9f267e4b277a8818af14ac82e76906d9533286d7f017f5ec0"
        },
        "security": {
          "integrity": "sha256-70883cecaed88aba5113b19ff79e1a4672fad237296be1e0ec1a0e52669b308e"
        },
        "testing": {
          "integrity": "sha256-59a3092e30aca31c0a0afad1312cea14a5129c9a07ca98fad12089bc841333bd"
        }
      },
      "ruleSelection": [
        "*"
      ],
      "rulesPath": ".rulesync/rules",
      "resolvedRuleNames": [
        "concision",
        "conversation-style",
        "documentation",
        "git",
        "jsdoc",
        "security",
        "testing"
      ]
    }
  }
}
